
Microsoft Visual Studio Solution File, Format Version 12.00
# Visual Studio Version 17
VisualStudioVersion = 17.8.34408.163
MinimumVisualStudioVersion = 10.0.40219.1
Project("{FAE04EC0-301F-11D3-BF4B-00C04F79EFBC}") = "NgonNguCSharp_BaiTapArray_TinhTongCacPhanTu", "NgonNguCSharp_BaiTapArray_TinhTongCacPhanTu\NgonNguCSharp_BaiTapArray_TinhTongCacPhanTu.csproj", "{E874A014-B1BC-4E7D-9275-3CD4C373D2F4}"
EndProject
Project("{FAE04EC0-301F-11D3-BF4B-00C04F79EFBC}") = "NgonNguCSharp_BaiTapArray_TimGiaTriTrongMang", "NgonNguCSharp_BaiTapArray_TimGiaTriTrongMang\NgonNguCSharp_BaiTapArray_TimGiaTriTrongMang.csproj", "{84E1495E-E28B-4560-955E-45B9FA937FC8}"
EndProject
Project("{FAE04EC0-301F-11D3-BF4B-00C04F79EFBC}") = "NgonNguCSharp_BaiTapArray_TimArrayMaxValue", "NgonNguCSharp_BaiTapArray_TimArrayMaxValue\NgonNguCSharp_BaiTapArray_TimArrayMaxValue.csproj", "{A2070859-FC60-4485-9C69-7BF9F56EBC1E}"
EndProject
Project("{FAE04EC0-301F-11D3-BF4B-00C04F79EFBC}") = "NgonNguCSharp_BaiTapArray_InsertElementToArray", "NgonNguCSharp_BaiTapArray_InsertElementToArray\NgonNguCSharp_BaiTapArray_InsertElementToArray.csproj", "{26030D31-EB46-4966-ABB8-B04BFCB08E0E}"
EndProject
Project("{FAE04EC0-301F-11D3-BF4B-00C04F79EFBC}") = "NgonNguCSharp_BaiTapArray_GetArrayMaxElement", "NgonNguCSharp_BaiTapArray_GetArrayMaxElement\NgonNguCSharp_BaiTapArray_GetArrayMaxElement.csproj", "{39A93AC9-FF7D-4B68-9BDA-FCF6AAB8BE97}"
EndProject
Project("{FAE04EC0-301F-11D3-BF4B-00C04F79EFBC}") = "NgonNguCSharp_BaiTapArray_GetSumDuongCheoChinh", "NgonNguCSharp_BaiTapArray_GetSumDuongCheoChinh\NgonNguCSharp_BaiTapArray_GetSumDuongCheoChinh.csproj", "{C25D13CE-92D5-4962-9F02-0E6759701A9D}"
EndProject
Project("{FAE04EC0-301F-11D3-BF4B-00C04F79EFBC}") = "NgonNguCSharp_BaiTapArray_MineSweeper", "NgonNguCSharp_BaiTapArray_MineSweeper\NgonNguCSharp_BaiTapArray_MineSweeper.csproj", "{47AB1A70-64A2-431A-B70F-3427A6FFF5F1}"
EndProject
Global
	GlobalSection(SolutionConfigurationPlatforms) = preSolution
		Debug|Any CPU = Debug|Any CPU
		Release|Any CPU = Release|Any CPU
	EndGlobalSection
	GlobalSection(ProjectConfigurationPlatforms) = postSolution
		{E874A014-B1BC-4E7D-9275-3CD4C373D2F4}.Debug|Any CPU.ActiveCfg = Debug|Any CPU
		{E874A014-B1BC-4E7D-9275-3CD4C373D2F4}.Debug|Any CPU.Build.0 = Debug|Any CPU
		{E874A014-B1BC-4E7D-9275-3CD4C373D2F4}.Release|Any CPU.ActiveCfg = Release|Any CPU
		{E874A014-B1BC-4E7D-9275-3CD4C373D2F4}.Release|Any CPU.Build.0 = Release|Any CPU
		{84E1495E-E28B-4560-955E-45B9FA937FC8}.Debug|Any CPU.ActiveCfg = Debug|Any CPU
		{84E1495E-E28B-4560-955E-45B9FA937FC8}.Debug|Any CPU.Build.0 = Debug|Any CPU
		{84E1495E-E28B-4560-955E-45B9FA937FC8}.Release|Any CPU.ActiveCfg = Release|Any CPU
		{84E1495E-E28B-4560-955E-45B9FA937FC8}.Release|Any CPU.Build.0 = Release|Any CPU
		{A2070859-FC60-4485-9C69-7BF9F56EBC1E}.Debug|Any CPU.ActiveCfg = Debug|Any CPU
		{A2070859-FC60-4485-9C69-7BF9F56EBC1E}.Debug|Any CPU.Build.0 = Debug|Any CPU
		{A2070859-FC60-4485-9C69-7BF9F56EBC1E}.Release|Any CPU.ActiveCfg = Release|Any CPU
		{A2070859-FC60-4485-9C69-7BF9F56EBC1E}.Release|Any CPU.Build.0 = Release|Any CPU
		{26030D31-EB46-4966-ABB8-B04BFCB08E0E}.Debug|Any CPU.ActiveCfg = Debug|Any CPU
		{26030D31-EB46-4966-ABB8-B04BFCB08E0E}.Debug|Any CPU.Build.0 = Debug|Any CPU
		{26030D31-EB46-4966-ABB8-B04BFCB08E0E}.Release|Any CPU.ActiveCfg = Release|Any CPU
		{26030D31-EB46-4966-ABB8-B04BFCB08E0E}.Release|Any CPU.Build.0 = Release|Any CPU
		{39A93AC9-FF7D-4B68-9BDA-FCF6AAB8BE97}.Debug|Any CPU.ActiveCfg = Debug|Any CPU
		{39A93AC9-FF7D-4B68-9BDA-FCF6AAB8BE97}.Debug|Any CPU.Build.0 = Debug|Any CPU
		{39A93AC9-FF7D-4B68-9BDA-FCF6AAB8BE97}.Release|Any CPU.ActiveCfg = Release|Any CPU
		{39A93AC9-FF7D-4B68-9BDA-FCF6AAB8BE97}.Release|Any CPU.Build.0 = Release|Any CPU
		{C25D13CE-92D5-4962-9F02-0E6759701A9D}.Debug|Any CPU.ActiveCfg = Debug|Any CPU
		{C25D13CE-92D5-4962-9F02-0E6759701A9D}.Debug|Any CPU.Build.0 = Debug|Any CPU
		{C25D13CE-92D5-4962-9F02-0E6759701A9D}.Release|Any CPU.ActiveCfg = Release|Any CPU
		{C25D13CE-92D5-4962-9F02-0E6759701A9D}.Release|Any CPU.Build.0 = Release|Any CPU
		{47AB1A70-64A2-431A-B70F-3427A6FFF5F1}.Debug|Any CPU.ActiveCfg = Debug|Any CPU
		{47AB1A70-64A2-431A-B70F-3427A6FFF5F1}.Debug|Any CPU.Build.0 = Debug|Any CPU
		{47AB1A70-64A2-431A-B70F-3427A6FFF5F1}.Release|Any CPU.ActiveCfg = Release|Any CPU
		{47AB1A70-64A2-431A-B70F-3427A6FFF5F1}.Release|Any CPU.Build.0 = Release|Any CPU
	EndGlobalSection
	GlobalSection(SolutionProperties) = preSolution
		HideSolutionNode = FALSE
	EndGlobalSection
	GlobalSection(ExtensibilityGlobals) = postSolution
		SolutionGuid = {A1E734B4-EADB-474A-A42C-657B6B10AD23}
	EndGlobalSection
EndGlobal
